
Microsoft Visual Studio Solution File, Format Version 12.00
# Visual Studio Version 17
VisualStudioVersion = 17.0.31912.275
MinimumVisualStudioVersion = 10.0.40219.1
Project("{FAE04EC0-301F-11D3-BF4B-00C04F79EFBC}") = "LanchesMac", "LanchesMac\LanchesMac.csproj", "{36971DEB-589B-44E6-ADB2-D01625109CAE}"
EndProject
Global
	GlobalSection(SolutionConfigurationPlatforms) = preSolution
		Debug|Any CPU = Debug|Any CPU
		Release|Any CPU = Release|Any CPU
	EndGlobalSection
	GlobalSection(ProjectConfigurationPlatforms) = postSolution
		{36971DEB-589B-44E6-ADB2-D01625109CAE}.Debug|Any CPU.ActiveCfg = Debug|Any CPU
		{36971DEB-589B-44E6-ADB2-D01625109CAE}.Debug|Any CPU.Build.0 = Debug|Any CPU
		{36971DEB-589B-44E6-ADB2-D01625109CAE}.Release|Any CPU.ActiveCfg = Release|Any CPU
		{36971DEB-589B-44E6-ADB2-D01625109CAE}.Release|Any CPU.Build.0 = Release|Any CPU
	EndGlobalSection
	GlobalSection(SolutionProperties) = preSolution
		HideSolutionNode = FALSE
	EndGlobalSection
	GlobalSection(ExtensibilityGlobals) = postSolution
		SolutionGuid = {26427032-2A6C-479E-A9C2-239EFF537425}
	EndGlobalSection
EndGlobal
